// !$*UTF8*$!
{
	archiveVersion = 1;
	classes = {
	};
	objectVersion = 56;
	objects = {

/* Begin PBXBuildFile section */
		695763602B7506B300ABDA0C /* Daily_ZenApp.swift in Sources */ = {isa = PBXBuildFile; fileRef = 6957635F2B7506B300ABDA0C /* Daily_ZenApp.swift */; };
		695763642B7506B400ABDA0C /* Assets.xcassets in Resources */ = {isa = PBXBuildFile; fileRef = 695763632B7506B400ABDA0C /* Assets.xcassets */; };
		695763672B7506B400ABDA0C /* Preview Assets.xcassets in Resources */ = {isa = PBXBuildFile; fileRef = 695763662B7506B400ABDA0C /* Preview Assets.xcassets */; };
		6957636C2B7506B400ABDA0C /* Daily_Zen.xcdatamodeld in Sources */ = {isa = PBXBuildFile; fileRef = 6957636A2B7506B400ABDA0C /* Daily_Zen.xcdatamodeld */; };
		695763762B7506B500ABDA0C /* Daily_ZenTests.swift in Sources */ = {isa = PBXBuildFile; fileRef = 695763752B7506B500ABDA0C /* Daily_ZenTests.swift */; };
		695763802B7506B500ABDA0C /* Daily_ZenUITests.swift in Sources */ = {isa = PBXBuildFile; fileRef = 6957637F2B7506B500ABDA0C /* Daily_ZenUITests.swift */; };
		695763822B7506B500ABDA0C /* Daily_ZenUITestsLaunchTests.swift in Sources */ = {isa = PBXBuildFile; fileRef = 695763812B7506B500ABDA0C /* Daily_ZenUITestsLaunchTests.swift */; };
		695763942B750A1900ABDA0C /* RootNavigation.swift in Sources */ = {isa = PBXBuildFile; fileRef = 695763932B750A1900ABDA0C /* RootNavigation.swift */; };
		695763992B750E3E00ABDA0C /* DailyZenViewModel.swift in Sources */ = {isa = PBXBuildFile; fileRef = 695763982B750E3E00ABDA0C /* DailyZenViewModel.swift */; };
		6957639B2B750E4600ABDA0C /* DailyZenView.swift in Sources */ = {isa = PBXBuildFile; fileRef = 6957639A2B750E4600ABDA0C /* DailyZenView.swift */; };
		6957639F2B750F8A00ABDA0C /* CustomNavigationTab.swift in Sources */ = {isa = PBXBuildFile; fileRef = 6957639E2B750F8A00ABDA0C /* CustomNavigationTab.swift */; };
		695763A12B75120C00ABDA0C /* DailyZenCardView.swift in Sources */ = {isa = PBXBuildFile; fileRef = 695763A02B75120C00ABDA0C /* DailyZenCardView.swift */; };
		695763A42B75128B00ABDA0C /* Theme.swift in Sources */ = {isa = PBXBuildFile; fileRef = 695763A32B75128B00ABDA0C /* Theme.swift */; };
		695763A72B75155000ABDA0C /* Color+Extension.swift in Sources */ = {isa = PBXBuildFile; fileRef = 695763A62B75155000ABDA0C /* Color+Extension.swift */; };
/* End PBXBuildFile section */

/* Begin PBXContainerItemProxy section */
		695763722B7506B500ABDA0C /* PBXContainerItemProxy */ = {
			isa = PBXContainerItemProxy;
			containerPortal = 695763542B7506B300ABDA0C /* Project object */;
			proxyType = 1;
			remoteGlobalIDString = 6957635B2B7506B300ABDA0C;
			remoteInfo = "Daily Zen";
		};
		6957637C2B7506B500ABDA0C /* PBXContainerItemProxy */ = {
			isa = PBXContainerItemProxy;
			containerPortal = 695763542B7506B300ABDA0C /* Project object */;
			proxyType = 1;
			remoteGlobalIDString = 6957635B2B7506B300ABDA0C;
			remoteInfo = "Daily Zen";
		};
/* End PBXContainerItemProxy section */

/* Begin PBXFileReference section */
		6957635C2B7506B300ABDA0C /* Daily Zen.app */ = {isa = PBXFileReference; explicitFileType = wrapper.application; includeInIndex = 0; path = "Daily Zen.app"; sourceTree = BUILT_PRODUCTS_DIR; };
		6957635F2B7506B300ABDA0C /* Daily_ZenApp.swift */ = {isa = PBXFileReference; lastKnownFileType = sourcecode.swift; path = Daily_ZenApp.swift; sourceTree = "<group>"; };
		695763632B7506B400ABDA0C /* Assets.xcassets */ = {isa = PBXFileReference; lastKnownFileType = folder.assetcatalog; path = Assets.xcassets; sourceTree = "<group>"; };
		695763662B7506B400ABDA0C /* Preview Assets.xcassets */ = {isa = PBXFileReference; lastKnownFileType = folder.assetcatalog; path = "Preview Assets.xcassets"; sourceTree = "<group>"; };
		6957636B2B7506B400ABDA0C /* Daily_Zen.xcdatamodel */ = {isa = PBXFileReference; lastKnownFileType = wrapper.xcdatamodel; path = Daily_Zen.xcdatamodel; sourceTree = "<group>"; };
		695763712B7506B500ABDA0C /* Daily ZenTests.xctest */ = {isa = PBXFileReference; explicitFileType = wrapper.cfbundle; includeInIndex = 0; path = "Daily ZenTests.xctest"; sourceTree = BUILT_PRODUCTS_DIR; };
		695763752B7506B500ABDA0C /* Daily_ZenTests.swift */ = {isa = PBXFileReference; lastKnownFileType = sourcecode.swift; path = Daily_ZenTests.swift; sourceTree = "<group>"; };
		6957637B2B7506B500ABDA0C /* Daily ZenUITests.xctest */ = {isa = PBXFileReference; explicitFileType = wrapper.cfbundle; includeInIndex = 0; path = "Daily ZenUITests.xctest"; sourceTree = BUILT_PRODUCTS_DIR; };
		6957637F2B7506B500ABDA0C /* Daily_ZenUITests.swift */ = {isa = PBXFileReference; lastKnownFileType = sourcecode.swift; path = Daily_ZenUITests.swift; sourceTree = "<group>"; };
		695763812B7506B500ABDA0C /* Daily_ZenUITestsLaunchTests.swift */ = {isa = PBXFileReference; lastKnownFileType = sourcecode.swift; path = Daily_ZenUITestsLaunchTests.swift; sourceTree = "<group>"; };
		695763932B750A1900ABDA0C /* RootNavigation.swift */ = {isa = PBXFileReference; fileEncoding = 4; lastKnownFileType = sourcecode.swift; path = RootNavigation.swift; sourceTree = "<group>"; };
		695763982B750E3E00ABDA0C /* DailyZenViewModel.swift */ = {isa = PBXFileReference; fileEncoding = 4; lastKnownFileType = sourcecode.swift; path = DailyZenViewModel.swift; sourceTree = "<group>"; };
		6957639A2B750E4600ABDA0C /* DailyZenView.swift */ = {isa = PBXFileReference; fileEncoding = 4; lastKnownFileType = sourcecode.swift; path = DailyZenView.swift; sourceTree = "<group>"; };
		6957639E2B750F8A00ABDA0C /* CustomNavigationTab.swift */ = {isa = PBXFileReference; lastKnownFileType = sourcecode.swift; path = CustomNavigationTab.swift; sourceTree = "<group>"; };
		695763A02B75120C00ABDA0C /* DailyZenCardView.swift */ = {isa = PBXFileReference; lastKnownFileType = sourcecode.swift; path = DailyZenCardView.swift; sourceTree = "<group>"; };
		695763A32B75128B00ABDA0C /* Theme.swift */ = {isa = PBXFileReference; lastKnownFileType = sourcecode.swift; path = Theme.swift; sourceTree = "<group>"; };
		695763A62B75155000ABDA0C /* Color+Extension.swift */ = {isa = PBXFileReference; lastKnownFileType = sourcecode.swift; path = "Color+Extension.swift"; sourceTree = "<group>"; };
/* End PBXFileReference section */

/* Begin PBXFrameworksBuildPhase section */
		695763592B7506B300ABDA0C /* Frameworks */ = {
			isa = PBXFrameworksBuildPhase;
			buildActionMask = 2147483647;
			files = (
			);
			runOnlyForDeploymentPostprocessing = 0;
		};
		6957636E2B7506B500ABDA0C /* Frameworks */ = {
			isa = PBXFrameworksBuildPhase;
			buildActionMask = 2147483647;
			files = (
			);
			runOnlyForDeploymentPostprocessing = 0;
		};
		695763782B7506B500ABDA0C /* Frameworks */ = {
			isa = PBXFrameworksBuildPhase;
			buildActionMask = 2147483647;
			files = (
			);
			runOnlyForDeploymentPostprocessing = 0;
		};
/* End PBXFrameworksBuildPhase section */

/* Begin PBXGroup section */
		695763532B7506B300ABDA0C = {
			isa = PBXGroup;
			children = (
				6957635E2B7506B300ABDA0C /* Daily Zen */,
				695763742B7506B500ABDA0C /* Daily ZenTests */,
				6957637E2B7506B500ABDA0C /* Daily ZenUITests */,
				6957635D2B7506B300ABDA0C /* Products */,
			);
			sourceTree = "<group>";
		};
		6957635D2B7506B300ABDA0C /* Products */ = {
			isa = PBXGroup;
			children = (
				6957635C2B7506B300ABDA0C /* Daily Zen.app */,
				695763712B7506B500ABDA0C /* Daily ZenTests.xctest */,
				6957637B2B7506B500ABDA0C /* Daily ZenUITests.xctest */,
			);
			name = Products;
			sourceTree = "<group>";
		};
		6957635E2B7506B300ABDA0C /* Daily Zen */ = {
			isa = PBXGroup;
			children = (
				695763A52B75153A00ABDA0C /* Extensions */,
				695763A22B75127B00ABDA0C /* Utilities */,
				695763902B7509C500ABDA0C /* Features */,
				6957635F2B7506B300ABDA0C /* Daily_ZenApp.swift */,
				695763632B7506B400ABDA0C /* Assets.xcassets */,
				6957636A2B7506B400ABDA0C /* Daily_Zen.xcdatamodeld */,
				695763652B7506B400ABDA0C /* Preview Content */,
			);
			path = "Daily Zen";
			sourceTree = "<group>";
		};
		695763652B7506B400ABDA0C /* Preview Content */ = {
			isa = PBXGroup;
			children = (
				695763662B7506B400ABDA0C /* Preview Assets.xcassets */,
			);
			path = "Preview Content";
			sourceTree = "<group>";
		};
		695763742B7506B500ABDA0C /* Daily ZenTests */ = {
			isa = PBXGroup;
			children = (
				695763752B7506B500ABDA0C /* Daily_ZenTests.swift */,
			);
			path = "Daily ZenTests";
			sourceTree = "<group>";
		};
		6957637E2B7506B500ABDA0C /* Daily ZenUITests */ = {
			isa = PBXGroup;
			children = (
				6957637F2B7506B500ABDA0C /* Daily_ZenUITests.swift */,
				695763812B7506B500ABDA0C /* Daily_ZenUITestsLaunchTests.swift */,
			);
			path = "Daily ZenUITests";
			sourceTree = "<group>";
		};
		695763902B7509C500ABDA0C /* Features */ = {
			isa = PBXGroup;
			children = (
				6957639C2B750F6500ABDA0C /* CustomNavigationTab */,
				695763952B750E0100ABDA0C /* DailyZen */,
				695763912B7509E900ABDA0C /* RootNavigation */,
			);
			path = Features;
			sourceTree = "<group>";
		};
		695763912B7509E900ABDA0C /* RootNavigation */ = {
			isa = PBXGroup;
			children = (
				695763922B7509F300ABDA0C /* View */,
			);
			path = RootNavigation;
			sourceTree = "<group>";
		};
		695763922B7509F300ABDA0C /* View */ = {
			isa = PBXGroup;
			children = (
				695763932B750A1900ABDA0C /* RootNavigation.swift */,
			);
			path = View;
			sourceTree = "<group>";
		};
		695763952B750E0100ABDA0C /* DailyZen */ = {
			isa = PBXGroup;
			children = (
				695763972B750E1200ABDA0C /* ViewModel */,
				695763962B750E0C00ABDA0C /* View */,
			);
			path = DailyZen;
			sourceTree = "<group>";
		};
		695763962B750E0C00ABDA0C /* View */ = {
			isa = PBXGroup;
			children = (
				6957639A2B750E4600ABDA0C /* DailyZenView.swift */,
				695763A02B75120C00ABDA0C /* DailyZenCardView.swift */,
			);
			path = View;
			sourceTree = "<group>";
		};
		695763972B750E1200ABDA0C /* ViewModel */ = {
			isa = PBXGroup;
			children = (
				695763982B750E3E00ABDA0C /* DailyZenViewModel.swift */,
			);
			path = ViewModel;
			sourceTree = "<group>";
		};
		6957639C2B750F6500ABDA0C /* CustomNavigationTab */ = {
			isa = PBXGroup;
			children = (
				6957639D2B750F7600ABDA0C /* View */,
			);
			path = CustomNavigationTab;
			sourceTree = "<group>";
		};
		6957639D2B750F7600ABDA0C /* View */ = {
			isa = PBXGroup;
			children = (
				6957639E2B750F8A00ABDA0C /* CustomNavigationTab.swift */,
			);
			path = View;
			sourceTree = "<group>";
		};
		695763A22B75127B00ABDA0C /* Utilities */ = {
			isa = PBXGroup;
			children = (
				695763A32B75128B00ABDA0C /* Theme.swift */,
			);
			path = Utilities;
			sourceTree = "<group>";
		};
		695763A52B75153A00ABDA0C /* Extensions */ = {
			isa = PBXGroup;
			children = (
				695763A62B75155000ABDA0C /* Color+Extension.swift */,
			);
			path = Extensions;
			sourceTree = "<group>";
		};
/* End PBXGroup section */

/* Begin PBXNativeTarget section */
		6957635B2B7506B300ABDA0C /* Daily Zen */ = {
			isa = PBXNativeTarget;
			buildConfigurationList = 695763852B7506B500ABDA0C /* Build configuration list for PBXNativeTarget "Daily Zen" */;
			buildPhases = (
				695763582B7506B300ABDA0C /* Sources */,
				695763592B7506B300ABDA0C /* Frameworks */,
				6957635A2B7506B300ABDA0C /* Resources */,
			);
			buildRules = (
			);
			dependencies = (
			);
			name = "Daily Zen";
			productName = "Daily Zen";
			productReference = 6957635C2B7506B300ABDA0C /* Daily Zen.app */;
			productType = "com.apple.product-type.application";
		};
		695763702B7506B500ABDA0C /* Daily ZenTests */ = {
			isa = PBXNativeTarget;
			buildConfigurationList = 695763882B7506B500ABDA0C /* Build configuration list for PBXNativeTarget "Daily ZenTests" */;
			buildPhases = (
				6957636D2B7506B500ABDA0C /* Sources */,
				6957636E2B7506B500ABDA0C /* Frameworks */,
				6957636F2B7506B500ABDA0C /* Resources */,
			);
			buildRules = (
			);
			dependencies = (
				695763732B7506B500ABDA0C /* PBXTargetDependency */,
			);
			name = "Daily ZenTests";
			productName = "Daily ZenTests";
			productReference = 695763712B7506B500ABDA0C /* Daily ZenTests.xctest */;
			productType = "com.apple.product-type.bundle.unit-test";
		};
		6957637A2B7506B500ABDA0C /* Daily ZenUITests */ = {
			isa = PBXNativeTarget;
			buildConfigurationList = 6957638B2B7506B500ABDA0C /* Build configuration list for PBXNativeTarget "Daily ZenUITests" */;
			buildPhases = (
				695763772B7506B500ABDA0C /* Sources */,
				695763782B7506B500ABDA0C /* Frameworks */,
				695763792B7506B500ABDA0C /* Resources */,
			);
			buildRules = (
			);
			dependencies = (
				6957637D2B7506B500ABDA0C /* PBXTargetDependency */,
			);
			name = "Daily ZenUITests";
			productName = "Daily ZenUITests";
			productReference = 6957637B2B7506B500ABDA0C /* Daily ZenUITests.xctest */;
			productType = "com.apple.product-type.bundle.ui-testing";
		};
/* End PBXNativeTarget section */

/* Begin PBXProject section */
		695763542B7506B300ABDA0C /* Project object */ = {
			isa = PBXProject;
			attributes = {
				BuildIndependentTargetsInParallel = 1;
				LastSwiftUpdateCheck = 1430;
				LastUpgradeCheck = 1430;
				TargetAttributes = {
					6957635B2B7506B300ABDA0C = {
						CreatedOnToolsVersion = 14.3;
					};
					695763702B7506B500ABDA0C = {
						CreatedOnToolsVersion = 14.3;
						TestTargetID = 6957635B2B7506B300ABDA0C;
					};
					6957637A2B7506B500ABDA0C = {
						CreatedOnToolsVersion = 14.3;
						TestTargetID = 6957635B2B7506B300ABDA0C;
					};
				};
			};
			buildConfigurationList = 695763572B7506B300ABDA0C /* Build configuration list for PBXProject "Daily Zen" */;
			compatibilityVersion = "Xcode 14.0";
			developmentRegion = en;
			hasScannedForEncodings = 0;
			knownRegions = (
				en,
				Base,
			);
			mainGroup = 695763532B7506B300ABDA0C;
			productRefGroup = 6957635D2B7506B300ABDA0C /* Products */;
			projectDirPath = "";
			projectRoot = "";
			targets = (
				6957635B2B7506B300ABDA0C /* Daily Zen */,
				695763702B7506B500ABDA0C /* Daily ZenTests */,
				6957637A2B7506B500ABDA0C /* Daily ZenUITests */,
			);
		};
/* End PBXProject section */

/* Begin PBXResourcesBuildPhase section */
		6957635A2B7506B300ABDA0C /* Resources */ = {
			isa = PBXResourcesBuildPhase;
			buildActionMask = 2147483647;
			files = (
				695763672B7506B400ABDA0C /* Preview Assets.xcassets in Resources */,
				695763642B7506B400ABDA0C /* Assets.xcassets in Resources */,
			);
			runOnlyForDeploymentPostprocessing = 0;
		};
		6957636F2B7506B500ABDA0C /* Resources */ = {
			isa = PBXResourcesBuildPhase;
			buildActionMask = 2147483647;
			files = (
			);
			runOnlyForDeploymentPostprocessing = 0;
		};
		695763792B7506B500ABDA0C /* Resources */ = {
			isa = PBXResourcesBuildPhase;
			buildActionMask = 2147483647;
			files = (
			);
			runOnlyForDeploymentPostprocessing = 0;
		};
/* End PBXResourcesBuildPhase section */

/* Begin PBXSourcesBuildPhase section */
		695763582B7506B300ABDA0C /* Sources */ = {
			isa = PBXSourcesBuildPhase;
			buildActionMask = 2147483647;
			files = (
				6957639F2B750F8A00ABDA0C /* CustomNavigationTab.swift in Sources */,
				695763A72B75155000ABDA0C /* Color+Extension.swift in Sources */,
				695763A42B75128B00ABDA0C /* Theme.swift in Sources */,
				6957636C2B7506B400ABDA0C /* Daily_Zen.xcdatamodeld in Sources */,
				695763942B750A1900ABDA0C /* RootNavigation.swift in Sources */,
				6957639B2B750E4600ABDA0C /* DailyZenView.swift in Sources */,
				695763602B7506B300ABDA0C /* Daily_ZenApp.swift in Sources */,
				695763A12B75120C00ABDA0C /* DailyZenCardView.swift in Sources */,
				695763992B750E3E00ABDA0C /* DailyZenViewModel.swift in Sources */,
			);
			runOnlyForDeploymentPostprocessing = 0;
		};
		6957636D2B7506B500ABDA0C /* Sources */ = {
			isa = PBXSourcesBuildPhase;
			buildActionMask = 2147483647;
			files = (
				695763762B7506B500ABDA0C /* Daily_ZenTests.swift in Sources */,
			);
			runOnlyForDeploymentPostprocessing = 0;
		};
		695763772B7506B500ABDA0C /* Sources */ = {
			isa = PBXSourcesBuildPhase;
			buildActionMask = 2147483647;
			files = (
				695763822B7506B500ABDA0C /* Daily_ZenUITestsLaunchTests.swift in Sources */,
				695763802B7506B500ABDA0C /* Daily_ZenUITests.swift in Sources */,
			);
			runOnlyForDeploymentPostprocessing = 0;
		};
/* End PBXSourcesBuildPhase section */

/* Begin PBXTargetDependency section */
		695763732B7506B500ABDA0C /* PBXTargetDependency */ = {
			isa = PBXTargetDependency;
			target = 6957635B2B7506B300ABDA0C /* Daily Zen */;
			targetProxy = 695763722B7506B500ABDA0C /* PBXContainerItemProxy */;
		};
		6957637D2B7506B500ABDA0C /* PBXTargetDependency */ = {
			isa = PBXTargetDependency;
			target = 6957635B2B7506B300ABDA0C /* Daily Zen */;
			targetProxy = 6957637C2B7506B500ABDA0C /* PBXContainerItemProxy */;
		};
/* End PBXTargetDependency section */

/* Begin XCBuildConfiguration section */
		695763832B7506B500ABDA0C /* Debug */ = {
			isa = XCBuildConfiguration;
			buildSettings = {
				ALWAYS_SEARCH_USER_PATHS = NO;
				CLANG_ANALYZER_NONNULL = YES;
				CLANG_ANALYZER_NUMBER_OBJECT_CONVERSION = YES_AGGRESSIVE;
				CLANG_CXX_LANGUAGE_STANDARD = "gnu++20";
				CLANG_ENABLE_MODULES = YES;
				CLANG_ENABLE_OBJC_ARC = YES;
				CLANG_ENABLE_OBJC_WEAK = YES;
				CLANG_WARN_BLOCK_CAPTURE_AUTORELEASING = YES;
				CLANG_WARN_BOOL_CONVERSION = YES;
				CLANG_WARN_COMMA = YES;
				CLANG_WARN_CONSTANT_CONVERSION = YES;
				CLANG_WARN_DEPRECATED_OBJC_IMPLEMENTATIONS = YES;
				CLANG_WARN_DIRECT_OBJC_ISA_USAGE = YES_ERROR;
				CLANG_WARN_DOCUMENTATION_COMMENTS = YES;
				CLANG_WARN_EMPTY_BODY = YES;
				CLANG_WARN_ENUM_CONVERSION = YES;
				CLANG_WARN_INFINITE_RECURSION = YES;
				CLANG_WARN_INT_CONVERSION = YES;
				CLANG_WARN_NON_LITERAL_NULL_CONVERSION = YES;
				CLANG_WARN_OBJC_IMPLICIT_RETAIN_SELF = YES;
				CLANG_WARN_OBJC_LITERAL_CONVERSION = YES;
				CLANG_WARN_OBJC_ROOT_CLASS = YES_ERROR;
				CLANG_WARN_QUOTED_INCLUDE_IN_FRAMEWORK_HEADER = YES;
				CLANG_WARN_RANGE_LOOP_ANALYSIS = YES;
				CLANG_WARN_STRICT_PROTOTYPES = YES;
				CLANG_WARN_SUSPICIOUS_MOVE = YES;
				CLANG_WARN_UNGUARDED_AVAILABILITY = YES_AGGRESSIVE;
				CLANG_WARN_UNREACHABLE_CODE = YES;
				CLANG_WARN__DUPLICATE_METHOD_MATCH = YES;
				COPY_PHASE_STRIP = NO;
				DEBUG_INFORMATION_FORMAT = dwarf;
				ENABLE_STRICT_OBJC_MSGSEND = YES;
				ENABLE_TESTABILITY = YES;
				GCC_C_LANGUAGE_STANDARD = gnu11;
				GCC_DYNAMIC_NO_PIC = NO;
				GCC_NO_COMMON_BLOCKS = YES;
				GCC_OPTIMIZATION_LEVEL = 0;
				GCC_PREPROCESSOR_DEFINITIONS = (
					"DEBUG=1",
					"$(inherited)",
				);
				GCC_WARN_64_TO_32_BIT_CONVERSION = YES;
				GCC_WARN_ABOUT_RETURN_TYPE = YES_ERROR;
				GCC_WARN_UNDECLARED_SELECTOR = YES;
				GCC_WARN_UNINITIALIZED_AUTOS = YES_AGGRESSIVE;
				GCC_WARN_UNUSED_FUNCTION = YES;
				GCC_WARN_UNUSED_VARIABLE = YES;
				IPHONEOS_DEPLOYMENT_TARGET = 16.4;
				MTL_ENABLE_DEBUG_INFO = INCLUDE_SOURCE;
				MTL_FAST_MATH = YES;
				ONLY_ACTIVE_ARCH = YES;
				SDKROOT = iphoneos;
				SWIFT_ACTIVE_COMPILATION_CONDITIONS = DEBUG;
				SWIFT_OPTIMIZATION_LEVEL = "-Onone";
			};
			name = Debug;
		};
		695763842B7506B500ABDA0C /* Release */ = {
			isa = XCBuildConfiguration;
			buildSettings = {
				ALWAYS_SEARCH_USER_PATHS = NO;
				CLANG_ANALYZER_NONNULL = YES;
				CLANG_ANALYZER_NUMBER_OBJECT_CONVERSION = YES_AGGRESSIVE;
				CLANG_CXX_LANGUAGE_STANDARD = "gnu++20";
				CLANG_ENABLE_MODULES = YES;
				CLANG_ENABLE_OBJC_ARC = YES;
				CLANG_ENABLE_OBJC_WEAK = YES;
				CLANG_WARN_BLOCK_CAPTURE_AUTORELEASING = YES;
				CLANG_WARN_BOOL_CONVERSION = YES;
				CLANG_WARN_COMMA = YES;
				CLANG_WARN_CONSTANT_CONVERSION = YES;
				CLANG_WARN_DEPRECATED_OBJC_IMPLEMENTATIONS = YES;
				CLANG_WARN_DIRECT_OBJC_ISA_USAGE = YES_ERROR;
				CLANG_WARN_DOCUMENTATION_COMMENTS = YES;
				CLANG_WARN_EMPTY_BODY = YES;
				CLANG_WARN_ENUM_CONVERSION = YES;
				CLANG_WARN_INFINITE_RECURSION = YES;
				CLANG_WARN_INT_CONVERSION = YES;
				CLANG_WARN_NON_LITERAL_NULL_CONVERSION = YES;
				CLANG_WARN_OBJC_IMPLICIT_RETAIN_SELF = YES;
				CLANG_WARN_OBJC_LITERAL_CONVERSION = YES;
				CLANG_WARN_OBJC_ROOT_CLASS = YES_ERROR;
				CLANG_WARN_QUOTED_INCLUDE_IN_FRAMEWORK_HEADER = YES;
				CLANG_WARN_RANGE_LOOP_ANALYSIS = YES;
				CLANG_WARN_STRICT_PROTOTYPES = YES;
				CLANG_WARN_SUSPICIOUS_MOVE = YES;
				CLANG_WARN_UNGUARDED_AVAILABILITY = YES_AGGRESSIVE;
				CLANG_WARN_UNREACHABLE_CODE = YES;
				CLANG_WARN__DUPLICATE_METHOD_MATCH = YES;
				COPY_PHASE_STRIP = NO;
				DEBUG_INFORMATION_FORMAT = "dwarf-with-dsym";
				ENABLE_NS_ASSERTIONS = NO;
				ENABLE_STRICT_OBJC_MSGSEND = YES;
				GCC_C_LANGUAGE_STANDARD = gnu11;
				GCC_NO_COMMON_BLOCKS = YES;
				GCC_WARN_64_TO_32_BIT_CONVERSION = YES;
				GCC_WARN_ABOUT_RETURN_TYPE = YES_ERROR;
				GCC_WARN_UNDECLARED_SELECTOR = YES;
				GCC_WARN_UNINITIALIZED_AUTOS = YES_AGGRESSIVE;
				GCC_WARN_UNUSED_FUNCTION = YES;
				GCC_WARN_UNUSED_VARIABLE = YES;
				IPHONEOS_DEPLOYMENT_TARGET = 16.4;
				MTL_ENABLE_DEBUG_INFO = NO;
				MTL_FAST_MATH = YES;
				SDKROOT = iphoneos;
				SWIFT_COMPILATION_MODE = wholemodule;
				SWIFT_OPTIMIZATION_LEVEL = "-O";
				VALIDATE_PRODUCT = YES;
			};
			name = Release;
		};
		695763862B7506B500ABDA0C /* Debug */ = {
			isa = XCBuildConfiguration;
			buildSettings = {
				ASSETCATALOG_COMPILER_APPICON_NAME = AppIcon;
				ASSETCATALOG_COMPILER_GLOBAL_ACCENT_COLOR_NAME = AccentColor;
				CODE_SIGN_STYLE = Automatic;
				CURRENT_PROJECT_VERSION = 1;
				DEVELOPMENT_ASSET_PATHS = "\"Daily Zen/Preview Content\"";
				DEVELOPMENT_TEAM = J6P8W8M785;
				ENABLE_PREVIEWS = YES;
				GENERATE_INFOPLIST_FILE = YES;
				INFOPLIST_KEY_UIApplicationSceneManifest_Generation = YES;
				INFOPLIST_KEY_UIApplicationSupportsIndirectInputEvents = YES;
				INFOPLIST_KEY_UILaunchScreen_Generation = YES;
				INFOPLIST_KEY_UISupportedInterfaceOrientations_iPad = "UIInterfaceOrientationPortrait UIInterfaceOrientationPortraitUpsideDown UIInterfaceOrientationLandscapeLeft UIInterfaceOrientationLandscapeRight";
				INFOPLIST_KEY_UISupportedInterfaceOrientations_iPhone = "UIInterfaceOrientationPortrait UIInterfaceOrientationLandscapeLeft UIInterfaceOrientationLandscapeRight";
				LD_RUNPATH_SEARCH_PATHS = (
					"$(inherited)",
					"@executable_path/Frameworks",
				);
				MARKETING_VERSION = 1.0;
				PRODUCT_BUNDLE_IDENTIFIER = "com.foundation.Daily-Zen";
				PRODUCT_NAME = "$(TARGET_NAME)";
				SWIFT_EMIT_LOC_STRINGS = YES;
				SWIFT_VERSION = 5.0;
				TARGETED_DEVICE_FAMILY = "1,2";
			};
			name = Debug;
		};
		695763872B7506B500ABDA0C /* Release */ = {
			isa = XCBuildConfiguration;
			buildSettings = {
				ASSETCATALOG_COMPILER_APPICON_NAME = AppIcon;
				ASSETCATALOG_COMPILER_GLOBAL_ACCENT_COLOR_NAME = AccentColor;
				CODE_SIGN_STYLE = Automatic;
				CURRENT_PROJECT_VERSION = 1;
				DEVELOPMENT_ASSET_PATHS = "\"Daily Zen/Preview Content\"";
				DEVELOPMENT_TEAM = J6P8W8M785;
				ENABLE_PREVIEWS = YES;
				GENERATE_INFOPLIST_FILE = YES;
				INFOPLIST_KEY_UIApplicationSceneManifest_Generation = YES;
				INFOPLIST_KEY_UIApplicationSupportsIndirectInputEvents = YES;
				INFOPLIST_KEY_UILaunchScreen_Generation = YES;
				INFOPLIST_KEY_UISupportedInterfaceOrientations_iPad = "UIInterfaceOrientationPortrait UIInterfaceOrientationPortraitUpsideDown UIInterfaceOrientationLandscapeLeft UIInterfaceOrientationLandscapeRight";
				INFOPLIST_KEY_UISupportedInterfaceOrientations_iPhone = "UIInterfaceOrientationPortrait UIInterfaceOrientationLandscapeLeft UIInterfaceOrientationLandscapeRight";
				LD_RUNPATH_SEARCH_PATHS = (
					"$(inherited)",
					"@executable_path/Frameworks",
				);
				MARKETING_VERSION = 1.0;
				PRODUCT_BUNDLE_IDENTIFIER = "com.foundation.Daily-Zen";
				PRODUCT_NAME = "$(TARGET_NAME)";
				SWIFT_EMIT_LOC_STRINGS = YES;
				SWIFT_VERSION = 5.0;
				TARGETED_DEVICE_FAMILY = "1,2";
			};
			name = Release;
		};
		695763892B7506B500ABDA0C /* Debug */ = {
			isa = XCBuildConfiguration;
			buildSettings = {
				ALWAYS_EMBED_SWIFT_STANDARD_LIBRARIES = YES;
				BUNDLE_LOADER = "$(TEST_HOST)";
				CODE_SIGN_STYLE = Automatic;
				CURRENT_PROJECT_VERSION = 1;
				DEVELOPMENT_TEAM = J6P8W8M785;
				GENERATE_INFOPLIST_FILE = YES;
				IPHONEOS_DEPLOYMENT_TARGET = 16.4;
				MARKETING_VERSION = 1.0;
				PRODUCT_BUNDLE_IDENTIFIER = "com.foundation.Daily-ZenTests";
				PRODUCT_NAME = "$(TARGET_NAME)";
				SWIFT_EMIT_LOC_STRINGS = NO;
				SWIFT_VERSION = 5.0;
				TARGETED_DEVICE_FAMILY = "1,2";
				TEST_HOST = "$(BUILT_PRODUCTS_DIR)/Daily Zen.app/$(BUNDLE_EXECUTABLE_FOLDER_PATH)/Daily Zen";
			};
			name = Debug;
		};
		6957638A2B7506B500ABDA0C /* Release */ = {
			isa = XCBuildConfiguration;
			buildSettings = {
				ALWAYS_EMBED_SWIFT_STANDARD_LIBRARIES = YES;
				BUNDLE_LOADER = "$(TEST_HOST)";
				CODE_SIGN_STYLE = Automatic;
				CURRENT_PROJECT_VERSION = 1;
				DEVELOPMENT_TEAM = J6P8W8M785;
				GENERATE_INFOPLIST_FILE = YES;
				IPHONEOS_DEPLOYMENT_TARGET = 16.4;
				MARKETING_VERSION = 1.0;
				PRODUCT_BUNDLE_IDENTIFIER = "com.foundation.Daily-ZenTests";
				PRODUCT_NAME = "$(TARGET_NAME)";
				SWIFT_EMIT_LOC_STRINGS = NO;
				SWIFT_VERSION = 5.0;
				TARGETED_DEVICE_FAMILY = "1,2";
				TEST_HOST = "$(BUILT_PRODUCTS_DIR)/Daily Zen.app/$(BUNDLE_EXECUTABLE_FOLDER_PATH)/Daily Zen";
			};
			name = Release;
		};
		6957638C2B7506B500ABDA0C /* Debug */ = {
			isa = XCBuildConfiguration;
			buildSettings = {
				ALWAYS_EMBED_SWIFT_STANDARD_LIBRARIES = YES;
				CODE_SIGN_STYLE = Automatic;
				CURRENT_PROJECT_VERSION = 1;
				DEVELOPMENT_TEAM = J6P8W8M785;
				GENERATE_INFOPLIST_FILE = YES;
				MARKETING_VERSION = 1.0;
				PRODUCT_BUNDLE_IDENTIFIER = "com.foundation.Daily-ZenUITests";
				PRODUCT_NAME = "$(TARGET_NAME)";
				SWIFT_EMIT_LOC_STRINGS = NO;
				SWIFT_VERSION = 5.0;
				TARGETED_DEVICE_FAMILY = "1,2";
				TEST_TARGET_NAME = "Daily Zen";
			};
			name = Debug;
		};
		6957638D2B7506B500ABDA0C /* Release */ = {
			isa = XCBuildConfiguration;
			buildSettings = {
				ALWAYS_EMBED_SWIFT_STANDARD_LIBRARIES = YES;
				CODE_SIGN_STYLE = Automatic;
				CURRENT_PROJECT_VERSION = 1;
				DEVELOPMENT_TEAM = J6P8W8M785;
				GENERATE_INFOPLIST_FILE = YES;
				MARKETING_VERSION = 1.0;
				PRODUCT_BUNDLE_IDENTIFIER = "com.foundation.Daily-ZenUITests";
				PRODUCT_NAME = "$(TARGET_NAME)";
				SWIFT_EMIT_LOC_STRINGS = NO;
				SWIFT_VERSION = 5.0;
				TARGETED_DEVICE_FAMILY = "1,2";
				TEST_TARGET_NAME = "Daily Zen";
			};
			name = Release;
		};
/* End XCBuildConfiguration section */

/* Begin XCConfigurationList section */
		695763572B7506B300ABDA0C /* Build configuration list for PBXProject "Daily Zen" */ = {
			isa = XCConfigurationList;
			buildConfigurations = (
				695763832B7506B500ABDA0C /* Debug */,
				695763842B7506B500ABDA0C /* Release */,
			);
			defaultConfigurationIsVisible = 0;
			defaultConfigurationName = Release;
		};
		695763852B7506B500ABDA0C /* Build configuration list for PBXNativeTarget "Daily Zen" */ = {
			isa = XCConfigurationList;
			buildConfigurations = (
				695763862B7506B500ABDA0C /* Debug */,
				695763872B7506B500ABDA0C /* Release */,
			);
			defaultConfigurationIsVisible = 0;
			defaultConfigurationName = Release;
		};
		695763882B7506B500ABDA0C /* Build configuration list for PBXNativeTarget "Daily ZenTests" */ = {
			isa = XCConfigurationList;
			buildConfigurations = (
				695763892B7506B500ABDA0C /* Debug */,
				6957638A2B7506B500ABDA0C /* Release */,
			);
			defaultConfigurationIsVisible = 0;
			defaultConfigurationName = Release;
		};
		6957638B2B7506B500ABDA0C /* Build configuration list for PBXNativeTarget "Daily ZenUITests" */ = {
			isa = XCConfigurationList;
			buildConfigurations = (
				6957638C2B7506B500ABDA0C /* Debug */,
				6957638D2B7506B500ABDA0C /* Release */,
			);
			defaultConfigurationIsVisible = 0;
			defaultConfigurationName = Release;
		};
/* End XCConfigurationList section */

/* Begin XCVersionGroup section */
		6957636A2B7506B400ABDA0C /* Daily_Zen.xcdatamodeld */ = {
			isa = XCVersionGroup;
			children = (
				6957636B2B7506B400ABDA0C /* Daily_Zen.xcdatamodel */,
			);
			currentVersion = 6957636B2B7506B400ABDA0C /* Daily_Zen.xcdatamodel */;
			path = Daily_Zen.xcdatamodeld;
			sourceTree = "<group>";
			versionGroupType = wrapper.xcdatamodel;
		};
/* End XCVersionGroup section */
	};
	rootObject = 695763542B7506B300ABDA0C /* Project object */;
}
